
Microsoft Visual Studio Solution File, Format Version 12.00
# Visual Studio Version 16
VisualStudioVersion = 16.0.30717.126
MinimumVisualStudioVersion = 10.0.40219.1
Project("{9A19103F-16F7-4668-BE54-9A1E7A4F7556}") = "SemanticValidation", "SemanticValidation\SemanticValidation.csproj", "{45D81DEF-DB60-494A-AB0F-AFB84BEA3740}"
EndProject
Project("{2150E333-8FDC-42A3-9474-1A3956D46DE8}") = "src", "src", "{ADEAEF83-A5C8-4EA1-93C6-9ADD9F6F5A86}"
EndProject
Project("{2150E333-8FDC-42A3-9474-1A3956D46DE8}") = "test", "test", "{F26ACA21-6671-45C2-A3CC-E29DF56C15D3}"
EndProject
Project("{9A19103F-16F7-4668-BE54-9A1E7A4F7556}") = "SemanticValidation.UnitTests", "SemanticValidation.UnitTests\SemanticValidation.UnitTests.csproj", "{D88F64FD-D050-41BB-8456-00909A137733}"
EndProject
Project("{2150E333-8FDC-42A3-9474-1A3956D46DE8}") = "docs", "docs", "{1BBDC7F7-8C03-45E8-B741-019E914B9531}"
	ProjectSection(SolutionItems) = preProject
		Patterns.txt = Patterns.txt
	EndProjectSection
EndProject
Global
	GlobalSection(SolutionConfigurationPlatforms) = preSolution
		Debug|Any CPU = Debug|Any CPU
		Release|Any CPU = Release|Any CPU
	EndGlobalSection
	GlobalSection(ProjectConfigurationPlatforms) = postSolution
		{45D81DEF-DB60-494A-AB0F-AFB84BEA3740}.Debug|Any CPU.ActiveCfg = Debug|Any CPU
		{45D81DEF-DB60-494A-AB0F-AFB84BEA3740}.Debug|Any CPU.Build.0 = Debug|Any CPU
		{45D81DEF-DB60-494A-AB0F-AFB84BEA3740}.Release|Any CPU.ActiveCfg = Release|Any CPU
		{45D81DEF-DB60-494A-AB0F-AFB84BEA3740}.Release|Any CPU.Build.0 = Release|Any CPU
		{D88F64FD-D050-41BB-8456-00909A137733}.Debug|Any CPU.ActiveCfg = Debug|Any CPU
		{D88F64FD-D050-41BB-8456-00909A137733}.Debug|Any CPU.Build.0 = Debug|Any CPU
		{D88F64FD-D050-41BB-8456-00909A137733}.Release|Any CPU.ActiveCfg = Release|Any CPU
		{D88F64FD-D050-41BB-8456-00909A137733}.Release|Any CPU.Build.0 = Release|Any CPU
	EndGlobalSection
	GlobalSection(SolutionProperties) = preSolution
		HideSolutionNode = FALSE
	EndGlobalSection
	GlobalSection(NestedProjects) = preSolution
		{45D81DEF-DB60-494A-AB0F-AFB84BEA3740} = {ADEAEF83-A5C8-4EA1-93C6-9ADD9F6F5A86}
		{D88F64FD-D050-41BB-8456-00909A137733} = {F26ACA21-6671-45C2-A3CC-E29DF56C15D3}
	EndGlobalSection
	GlobalSection(ExtensibilityGlobals) = postSolution
		SolutionGuid = {0D93460A-7827-4113-BD74-C1D558B67495}
	EndGlobalSection
EndGlobal
